
Microsoft Visual Studio Solution File, Format Version 12.00
# Visual Studio Version 17
VisualStudioVersion = 17.11.35222.181
MinimumVisualStudioVersion = 10.0.40219.1
Project("{8BC9CEB8-8B4A-11D0-8D11-00A0C91BC942}") = "Homework25", "Homework25\Homework25.vcxproj", "{136C88F3-AF4D-4883-8A50-B1D320A3521C}"
EndProject
Global
	GlobalSection(SolutionConfigurationPlatforms) = preSolution
		Debug|x64 = Debug|x64
		Debug|x86 = Debug|x86
		Release|x64 = Release|x64
		Release|x86 = Release|x86
	EndGlobalSection
	GlobalSection(ProjectConfigurationPlatforms) = postSolution
		{136C88F3-AF4D-4883-8A50-B1D320A3521C}.Debug|x64.ActiveCfg = Debug|x64
		{136C88F3-AF4D-4883-8A50-B1D320A3521C}.Debug|x64.Build.0 = Debug|x64
		{136C88F3-AF4D-4883-8A50-B1D320A3521C}.Debug|x86.ActiveCfg = Debug|Win32
		{136C88F3-AF4D-4883-8A50-B1D320A3521C}.Debug|x86.Build.0 = Debug|Win32
		{136C88F3-AF4D-4883-8A50-B1D320A3521C}.Release|x64.ActiveCfg = Release|x64
		{136C88F3-AF4D-4883-8A50-B1D320A3521C}.Release|x64.Build.0 = Release|x64
		{136C88F3-AF4D-4883-8A50-B1D320A3521C}.Release|x86.ActiveCfg = Release|Win32
		{136C88F3-AF4D-4883-8A50-B1D320A3521C}.Release|x86.Build.0 = Release|Win32
	EndGlobalSection
	GlobalSection(SolutionProperties) = preSolution
		HideSolutionNode = FALSE
	EndGlobalSection
	GlobalSection(ExtensibilityGlobals) = postSolution
		SolutionGuid = {1A1563B0-C680-42A9-A7DA-FB2D1CE3956A}
	EndGlobalSection
EndGlobal
