
Microsoft Visual Studio Solution File, Format Version 12.00
# Visual Studio Version 17
VisualStudioVersion = 17.11.35222.181
MinimumVisualStudioVersion = 10.0.40219.1
Project("{FAE04EC0-301F-11D3-BF4B-00C04F79EFBC}") = "Task1", "Task1\Task1.csproj", "{700E5816-BEC2-45FD-A3E5-C25FDD61E5F9}"
EndProject
Project("{FAE04EC0-301F-11D3-BF4B-00C04F79EFBC}") = "Task2", "Task2\Task2.csproj", "{212D0C92-3D82-41E2-B038-1B8A085DEFD2}"
EndProject
Project("{FAE04EC0-301F-11D3-BF4B-00C04F79EFBC}") = "Task3", "Task3\Task3.csproj", "{617DDBCA-0F8E-41A4-89A0-3E9B6F8208F8}"
EndProject
Project("{FAE04EC0-301F-11D3-BF4B-00C04F79EFBC}") = "Task4", "Task4\Task4.csproj", "{4FA11D7C-45AF-43A1-81BE-C226618A23CE}"
EndProject
Global
	GlobalSection(SolutionConfigurationPlatforms) = preSolution
		Debug|Any CPU = Debug|Any CPU
		Release|Any CPU = Release|Any CPU
	EndGlobalSection
	GlobalSection(ProjectConfigurationPlatforms) = postSolution
		{700E5816-BEC2-45FD-A3E5-C25FDD61E5F9}.Debug|Any CPU.ActiveCfg = Debug|Any CPU
		{700E5816-BEC2-45FD-A3E5-C25FDD61E5F9}.Debug|Any CPU.Build.0 = Debug|Any CPU
		{700E5816-BEC2-45FD-A3E5-C25FDD61E5F9}.Release|Any CPU.ActiveCfg = Release|Any CPU
		{700E5816-BEC2-45FD-A3E5-C25FDD61E5F9}.Release|Any CPU.Build.0 = Release|Any CPU
		{212D0C92-3D82-41E2-B038-1B8A085DEFD2}.Debug|Any CPU.ActiveCfg = Debug|Any CPU
		{212D0C92-3D82-41E2-B038-1B8A085DEFD2}.Debug|Any CPU.Build.0 = Debug|Any CPU
		{212D0C92-3D82-41E2-B038-1B8A085DEFD2}.Release|Any CPU.ActiveCfg = Release|Any CPU
		{212D0C92-3D82-41E2-B038-1B8A085DEFD2}.Release|Any CPU.Build.0 = Release|Any CPU
		{617DDBCA-0F8E-41A4-89A0-3E9B6F8208F8}.Debug|Any CPU.ActiveCfg = Debug|Any CPU
		{617DDBCA-0F8E-41A4-89A0-3E9B6F8208F8}.Debug|Any CPU.Build.0 = Debug|Any CPU
		{617DDBCA-0F8E-41A4-89A0-3E9B6F8208F8}.Release|Any CPU.ActiveCfg = Release|Any CPU
		{617DDBCA-0F8E-41A4-89A0-3E9B6F8208F8}.Release|Any CPU.Build.0 = Release|Any CPU
		{4FA11D7C-45AF-43A1-81BE-C226618A23CE}.Debug|Any CPU.ActiveCfg = Debug|Any CPU
		{4FA11D7C-45AF-43A1-81BE-C226618A23CE}.Debug|Any CPU.Build.0 = Debug|Any CPU
		{4FA11D7C-45AF-43A1-81BE-C226618A23CE}.Release|Any CPU.ActiveCfg = Release|Any CPU
		{4FA11D7C-45AF-43A1-81BE-C226618A23CE}.Release|Any CPU.Build.0 = Release|Any CPU
	EndGlobalSection
	GlobalSection(SolutionProperties) = preSolution
		HideSolutionNode = FALSE
	EndGlobalSection
	GlobalSection(ExtensibilityGlobals) = postSolution
		SolutionGuid = {C888FB7F-5E64-42D5-995C-BD8740695847}
	EndGlobalSection
EndGlobal
