
Microsoft Visual Studio Solution File, Format Version 12.00
# Visual Studio Version 17
VisualStudioVersion = 17.11.35222.181
MinimumVisualStudioVersion = 10.0.40219.1
Project("{8BC9CEB8-8B4A-11D0-8D11-00A0C91BC942}") = "Task1.1", "Task1.1\Task1.1.vcxproj", "{365E598A-27E2-4570-8572-D11FD80991DB}"
EndProject
Project("{8BC9CEB8-8B4A-11D0-8D11-00A0C91BC942}") = "Task1.2", "Task1.2\Task1.2.vcxproj", "{81DBCD8C-CDB5-4C00-818A-9756996B56E6}"
EndProject
Project("{8BC9CEB8-8B4A-11D0-8D11-00A0C91BC942}") = "Task2.1", "Task2.1\Task2.1.vcxproj", "{55CA71C3-1110-4F23-81AD-9949C3BBB00D}"
EndProject
Project("{8BC9CEB8-8B4A-11D0-8D11-00A0C91BC942}") = "Task2.2", "Task2.2\Task2.2.vcxproj", "{32272CF7-2916-4023-9C28-CB0BF82C0112}"
EndProject
Project("{8BC9CEB8-8B4A-11D0-8D11-00A0C91BC942}") = "Task2.3", "Task2.3\Task2.3.vcxproj", "{2EB9EF35-9C52-4E05-A716-634CCB6DA7A8}"
EndProject
Project("{8BC9CEB8-8B4A-11D0-8D11-00A0C91BC942}") = "Task1.3", "Task1.3\Task1.3.vcxproj", "{9F11227F-3D77-4450-A50B-7602A24374EA}"
EndProject
Project("{8BC9CEB8-8B4A-11D0-8D11-00A0C91BC942}") = "Task1.4", "Task1.4\Task1.4.vcxproj", "{1251AA69-FD5B-44C1-99C4-299068B822DE}"
EndProject
Global
	GlobalSection(SolutionConfigurationPlatforms) = preSolution
		Debug|x64 = Debug|x64
		Debug|x86 = Debug|x86
		Release|x64 = Release|x64
		Release|x86 = Release|x86
	EndGlobalSection
	GlobalSection(ProjectConfigurationPlatforms) = postSolution
		{365E598A-27E2-4570-8572-D11FD80991DB}.Debug|x64.ActiveCfg = Debug|x64
		{365E598A-27E2-4570-8572-D11FD80991DB}.Debug|x64.Build.0 = Debug|x64
		{365E598A-27E2-4570-8572-D11FD80991DB}.Debug|x86.ActiveCfg = Debug|Win32
		{365E598A-27E2-4570-8572-D11FD80991DB}.Debug|x86.Build.0 = Debug|Win32
		{365E598A-27E2-4570-8572-D11FD80991DB}.Release|x64.ActiveCfg = Release|x64
		{365E598A-27E2-4570-8572-D11FD80991DB}.Release|x64.Build.0 = Release|x64
		{365E598A-27E2-4570-8572-D11FD80991DB}.Release|x86.ActiveCfg = Release|Win32
		{365E598A-27E2-4570-8572-D11FD80991DB}.Release|x86.Build.0 = Release|Win32
		{81DBCD8C-CDB5-4C00-818A-9756996B56E6}.Debug|x64.ActiveCfg = Debug|x64
		{81DBCD8C-CDB5-4C00-818A-9756996B56E6}.Debug|x64.Build.0 = Debug|x64
		{81DBCD8C-CDB5-4C00-818A-9756996B56E6}.Debug|x86.ActiveCfg = Debug|Win32
		{81DBCD8C-CDB5-4C00-818A-9756996B56E6}.Debug|x86.Build.0 = Debug|Win32
		{81DBCD8C-CDB5-4C00-818A-9756996B56E6}.Release|x64.ActiveCfg = Release|x64
		{81DBCD8C-CDB5-4C00-818A-9756996B56E6}.Release|x64.Build.0 = Release|x64
		{81DBCD8C-CDB5-4C00-818A-9756996B56E6}.Release|x86.ActiveCfg = Release|Win32
		{81DBCD8C-CDB5-4C00-818A-9756996B56E6}.Release|x86.Build.0 = Release|Win32
		{55CA71C3-1110-4F23-81AD-9949C3BBB00D}.Debug|x64.ActiveCfg = Debug|x64
		{55CA71C3-1110-4F23-81AD-9949C3BBB00D}.Debug|x64.Build.0 = Debug|x64
		{55CA71C3-1110-4F23-81AD-9949C3BBB00D}.Debug|x86.ActiveCfg = Debug|Win32
		{55CA71C3-1110-4F23-81AD-9949C3BBB00D}.Debug|x86.Build.0 = Debug|Win32
		{55CA71C3-1110-4F23-81AD-9949C3BBB00D}.Release|x64.ActiveCfg = Release|x64
		{55CA71C3-1110-4F23-81AD-9949C3BBB00D}.Release|x64.Build.0 = Release|x64
		{55CA71C3-1110-4F23-81AD-9949C3BBB00D}.Release|x86.ActiveCfg = Release|Win32
		{55CA71C3-1110-4F23-81AD-9949C3BBB00D}.Release|x86.Build.0 = Release|Win32
		{32272CF7-2916-4023-9C28-CB0BF82C0112}.Debug|x64.ActiveCfg = Debug|x64
		{32272CF7-2916-4023-9C28-CB0BF82C0112}.Debug|x64.Build.0 = Debug|x64
		{32272CF7-2916-4023-9C28-CB0BF82C0112}.Debug|x86.ActiveCfg = Debug|Win32
		{32272CF7-2916-4023-9C28-CB0BF82C0112}.Debug|x86.Build.0 = Debug|Win32
		{32272CF7-2916-4023-9C28-CB0BF82C0112}.Release|x64.ActiveCfg = Release|x64
		{32272CF7-2916-4023-9C28-CB0BF82C0112}.Release|x64.Build.0 = Release|x64
		{32272CF7-2916-4023-9C28-CB0BF82C0112}.Release|x86.ActiveCfg = Release|Win32
		{32272CF7-2916-4023-9C28-CB0BF82C0112}.Release|x86.Build.0 = Release|Win32
		{2EB9EF35-9C52-4E05-A716-634CCB6DA7A8}.Debug|x64.ActiveCfg = Debug|x64
		{2EB9EF35-9C52-4E05-A716-634CCB6DA7A8}.Debug|x64.Build.0 = Debug|x64
		{2EB9EF35-9C52-4E05-A716-634CCB6DA7A8}.Debug|x86.ActiveCfg = Debug|Win32
		{2EB9EF35-9C52-4E05-A716-634CCB6DA7A8}.Debug|x86.Build.0 = Debug|Win32
		{2EB9EF35-9C52-4E05-A716-634CCB6DA7A8}.Release|x64.ActiveCfg = Release|x64
		{2EB9EF35-9C52-4E05-A716-634CCB6DA7A8}.Release|x64.Build.0 = Release|x64
		{2EB9EF35-9C52-4E05-A716-634CCB6DA7A8}.Release|x86.ActiveCfg = Release|Win32
		{2EB9EF35-9C52-4E05-A716-634CCB6DA7A8}.Release|x86.Build.0 = Release|Win32
		{9F11227F-3D77-4450-A50B-7602A24374EA}.Debug|x64.ActiveCfg = Debug|x64
		{9F11227F-3D77-4450-A50B-7602A24374EA}.Debug|x64.Build.0 = Debug|x64
		{9F11227F-3D77-4450-A50B-7602A24374EA}.Debug|x86.ActiveCfg = Debug|Win32
		{9F11227F-3D77-4450-A50B-7602A24374EA}.Debug|x86.Build.0 = Debug|Win32
		{9F11227F-3D77-4450-A50B-7602A24374EA}.Release|x64.ActiveCfg = Release|x64
		{9F11227F-3D77-4450-A50B-7602A24374EA}.Release|x64.Build.0 = Release|x64
		{9F11227F-3D77-4450-A50B-7602A24374EA}.Release|x86.ActiveCfg = Release|Win32
		{9F11227F-3D77-4450-A50B-7602A24374EA}.Release|x86.Build.0 = Release|Win32
		{1251AA69-FD5B-44C1-99C4-299068B822DE}.Debug|x64.ActiveCfg = Debug|x64
		{1251AA69-FD5B-44C1-99C4-299068B822DE}.Debug|x64.Build.0 = Debug|x64
		{1251AA69-FD5B-44C1-99C4-299068B822DE}.Debug|x86.ActiveCfg = Debug|Win32
		{1251AA69-FD5B-44C1-99C4-299068B822DE}.Debug|x86.Build.0 = Debug|Win32
		{1251AA69-FD5B-44C1-99C4-299068B822DE}.Release|x64.ActiveCfg = Release|x64
		{1251AA69-FD5B-44C1-99C4-299068B822DE}.Release|x64.Build.0 = Release|x64
		{1251AA69-FD5B-44C1-99C4-299068B822DE}.Release|x86.ActiveCfg = Release|Win32
		{1251AA69-FD5B-44C1-99C4-299068B822DE}.Release|x86.Build.0 = Release|Win32
	EndGlobalSection
	GlobalSection(SolutionProperties) = preSolution
		HideSolutionNode = FALSE
	EndGlobalSection
	GlobalSection(ExtensibilityGlobals) = postSolution
		SolutionGuid = {4AE1B380-7F3E-43C0-BE5C-B8FCFD4E7099}
	EndGlobalSection
EndGlobal
