
Microsoft Visual Studio Solution File, Format Version 12.00
# Visual Studio Version 17
VisualStudioVersion = 17.11.35222.181
MinimumVisualStudioVersion = 10.0.40219.1
Project("{FAE04EC0-301F-11D3-BF4B-00C04F79EFBC}") = "GovorunClient", "GovorunClient\GovorunClient.csproj", "{2816DFAA-4539-4C82-9934-EBE139E30960}"
EndProject
Project("{FAE04EC0-301F-11D3-BF4B-00C04F79EFBC}") = "GoborunServer", "GoborunServer\GoborunServer.csproj", "{A878AC20-E328-462B-A8AC-CC04845CCFB5}"
EndProject
Global
	GlobalSection(SolutionConfigurationPlatforms) = preSolution
		Debug|Any CPU = Debug|Any CPU
		Release|Any CPU = Release|Any CPU
	EndGlobalSection
	GlobalSection(ProjectConfigurationPlatforms) = postSolution
		{2816DFAA-4539-4C82-9934-EBE139E30960}.Debug|Any CPU.ActiveCfg = Debug|Any CPU
		{2816DFAA-4539-4C82-9934-EBE139E30960}.Debug|Any CPU.Build.0 = Debug|Any CPU
		{2816DFAA-4539-4C82-9934-EBE139E30960}.Release|Any CPU.ActiveCfg = Release|Any CPU
		{2816DFAA-4539-4C82-9934-EBE139E30960}.Release|Any CPU.Build.0 = Release|Any CPU
		{A878AC20-E328-462B-A8AC-CC04845CCFB5}.Debug|Any CPU.ActiveCfg = Debug|Any CPU
		{A878AC20-E328-462B-A8AC-CC04845CCFB5}.Debug|Any CPU.Build.0 = Debug|Any CPU
		{A878AC20-E328-462B-A8AC-CC04845CCFB5}.Release|Any CPU.ActiveCfg = Release|Any CPU
		{A878AC20-E328-462B-A8AC-CC04845CCFB5}.Release|Any CPU.Build.0 = Release|Any CPU
	EndGlobalSection
	GlobalSection(SolutionProperties) = preSolution
		HideSolutionNode = FALSE
	EndGlobalSection
	GlobalSection(ExtensibilityGlobals) = postSolution
		SolutionGuid = {4897A81C-632C-4B58-95CD-398DF7FB6271}
	EndGlobalSection
EndGlobal
