
Microsoft Visual Studio Solution File, Format Version 12.00
# Visual Studio Version 17
VisualStudioVersion = 17.11.35222.181
MinimumVisualStudioVersion = 10.0.40219.1
Project("{8BC9CEB8-8B4A-11D0-8D11-00A0C91BC942}") = "Task02", "Task02\Task02.vcxproj", "{6DF1B779-1A9C-45AF-9B7D-E5D5598F929C}"
EndProject
Project("{8BC9CEB8-8B4A-11D0-8D11-00A0C91BC942}") = "Task01", "Task01\Task01.vcxproj", "{4ADE357F-1DEF-4F18-B0B9-FB316AEAD089}"
EndProject
Project("{8BC9CEB8-8B4A-11D0-8D11-00A0C91BC942}") = "Task03", "Task03\Task03.vcxproj", "{1E5721B9-A8ED-4075-B20D-9A60D151DD8E}"
EndProject
Project("{8BC9CEB8-8B4A-11D0-8D11-00A0C91BC942}") = "Task04", "Task04\Task04.vcxproj", "{D22DE979-5118-4EB0-B5E4-86CDC1678833}"
EndProject
Project("{8BC9CEB8-8B4A-11D0-8D11-00A0C91BC942}") = "Task05", "Task05\Task05.vcxproj", "{3E147028-6A75-4B23-A193-5E44F9549190}"
EndProject
Project("{8BC9CEB8-8B4A-11D0-8D11-00A0C91BC942}") = "Task06", "Task06\Task06.vcxproj", "{70F9698A-C99D-4F53-ADC2-D88ADA36065B}"
EndProject
Project("{8BC9CEB8-8B4A-11D0-8D11-00A0C91BC942}") = "Task07", "Task07\Task07.vcxproj", "{58A229F6-9FD5-4EB7-9496-8D910830674F}"
EndProject
Project("{8BC9CEB8-8B4A-11D0-8D11-00A0C91BC942}") = "Task08", "Task08\Task08.vcxproj", "{588999BB-9B1A-4A25-9621-AE2DAB58CE11}"
EndProject
Project("{8BC9CEB8-8B4A-11D0-8D11-00A0C91BC942}") = "Task09", "Task09\Task09.vcxproj", "{A7F080FD-AA34-44E6-8920-04001B0751B5}"
EndProject
Project("{8BC9CEB8-8B4A-11D0-8D11-00A0C91BC942}") = "Task10", "Task10\Task10.vcxproj", "{ED2299E0-2DF6-47C9-8215-679C4794A1EB}"
EndProject
Global
	GlobalSection(SolutionConfigurationPlatforms) = preSolution
		Debug|x64 = Debug|x64
		Debug|x86 = Debug|x86
		Release|x64 = Release|x64
		Release|x86 = Release|x86
	EndGlobalSection
	GlobalSection(ProjectConfigurationPlatforms) = postSolution
		{6DF1B779-1A9C-45AF-9B7D-E5D5598F929C}.Debug|x64.ActiveCfg = Debug|x64
		{6DF1B779-1A9C-45AF-9B7D-E5D5598F929C}.Debug|x64.Build.0 = Debug|x64
		{6DF1B779-1A9C-45AF-9B7D-E5D5598F929C}.Debug|x86.ActiveCfg = Debug|Win32
		{6DF1B779-1A9C-45AF-9B7D-E5D5598F929C}.Debug|x86.Build.0 = Debug|Win32
		{6DF1B779-1A9C-45AF-9B7D-E5D5598F929C}.Release|x64.ActiveCfg = Release|x64
		{6DF1B779-1A9C-45AF-9B7D-E5D5598F929C}.Release|x64.Build.0 = Release|x64
		{6DF1B779-1A9C-45AF-9B7D-E5D5598F929C}.Release|x86.ActiveCfg = Release|Win32
		{6DF1B779-1A9C-45AF-9B7D-E5D5598F929C}.Release|x86.Build.0 = Release|Win32
		{4ADE357F-1DEF-4F18-B0B9-FB316AEAD089}.Debug|x64.ActiveCfg = Debug|x64
		{4ADE357F-1DEF-4F18-B0B9-FB316AEAD089}.Debug|x64.Build.0 = Debug|x64
		{4ADE357F-1DEF-4F18-B0B9-FB316AEAD089}.Debug|x86.ActiveCfg = Debug|Win32
		{4ADE357F-1DEF-4F18-B0B9-FB316AEAD089}.Debug|x86.Build.0 = Debug|Win32
		{4ADE357F-1DEF-4F18-B0B9-FB316AEAD089}.Release|x64.ActiveCfg = Release|x64
		{4ADE357F-1DEF-4F18-B0B9-FB316AEAD089}.Release|x64.Build.0 = Release|x64
		{4ADE357F-1DEF-4F18-B0B9-FB316AEAD089}.Release|x86.ActiveCfg = Release|Win32
		{4ADE357F-1DEF-4F18-B0B9-FB316AEAD089}.Release|x86.Build.0 = Release|Win32
		{1E5721B9-A8ED-4075-B20D-9A60D151DD8E}.Debug|x64.ActiveCfg = Debug|x64
		{1E5721B9-A8ED-4075-B20D-9A60D151DD8E}.Debug|x64.Build.0 = Debug|x64
		{1E5721B9-A8ED-4075-B20D-9A60D151DD8E}.Debug|x86.ActiveCfg = Debug|Win32
		{1E5721B9-A8ED-4075-B20D-9A60D151DD8E}.Debug|x86.Build.0 = Debug|Win32
		{1E5721B9-A8ED-4075-B20D-9A60D151DD8E}.Release|x64.ActiveCfg = Release|x64
		{1E5721B9-A8ED-4075-B20D-9A60D151DD8E}.Release|x64.Build.0 = Release|x64
		{1E5721B9-A8ED-4075-B20D-9A60D151DD8E}.Release|x86.ActiveCfg = Release|Win32
		{1E5721B9-A8ED-4075-B20D-9A60D151DD8E}.Release|x86.Build.0 = Release|Win32
		{D22DE979-5118-4EB0-B5E4-86CDC1678833}.Debug|x64.ActiveCfg = Debug|x64
		{D22DE979-5118-4EB0-B5E4-86CDC1678833}.Debug|x64.Build.0 = Debug|x64
		{D22DE979-5118-4EB0-B5E4-86CDC1678833}.Debug|x86.ActiveCfg = Debug|Win32
		{D22DE979-5118-4EB0-B5E4-86CDC1678833}.Debug|x86.Build.0 = Debug|Win32
		{D22DE979-5118-4EB0-B5E4-86CDC1678833}.Release|x64.ActiveCfg = Release|x64
		{D22DE979-5118-4EB0-B5E4-86CDC1678833}.Release|x64.Build.0 = Release|x64
		{D22DE979-5118-4EB0-B5E4-86CDC1678833}.Release|x86.ActiveCfg = Release|Win32
		{D22DE979-5118-4EB0-B5E4-86CDC1678833}.Release|x86.Build.0 = Release|Win32
		{3E147028-6A75-4B23-A193-5E44F9549190}.Debug|x64.ActiveCfg = Debug|x64
		{3E147028-6A75-4B23-A193-5E44F9549190}.Debug|x64.Build.0 = Debug|x64
		{3E147028-6A75-4B23-A193-5E44F9549190}.Debug|x86.ActiveCfg = Debug|Win32
		{3E147028-6A75-4B23-A193-5E44F9549190}.Debug|x86.Build.0 = Debug|Win32
		{3E147028-6A75-4B23-A193-5E44F9549190}.Release|x64.ActiveCfg = Release|x64
		{3E147028-6A75-4B23-A193-5E44F9549190}.Release|x64.Build.0 = Release|x64
		{3E147028-6A75-4B23-A193-5E44F9549190}.Release|x86.ActiveCfg = Release|Win32
		{3E147028-6A75-4B23-A193-5E44F9549190}.Release|x86.Build.0 = Release|Win32
		{70F9698A-C99D-4F53-ADC2-D88ADA36065B}.Debug|x64.ActiveCfg = Debug|x64
		{70F9698A-C99D-4F53-ADC2-D88ADA36065B}.Debug|x64.Build.0 = Debug|x64
		{70F9698A-C99D-4F53-ADC2-D88ADA36065B}.Debug|x86.ActiveCfg = Debug|Win32
		{70F9698A-C99D-4F53-ADC2-D88ADA36065B}.Debug|x86.Build.0 = Debug|Win32
		{70F9698A-C99D-4F53-ADC2-D88ADA36065B}.Release|x64.ActiveCfg = Release|x64
		{70F9698A-C99D-4F53-ADC2-D88ADA36065B}.Release|x64.Build.0 = Release|x64
		{70F9698A-C99D-4F53-ADC2-D88ADA36065B}.Release|x86.ActiveCfg = Release|Win32
		{70F9698A-C99D-4F53-ADC2-D88ADA36065B}.Release|x86.Build.0 = Release|Win32
		{58A229F6-9FD5-4EB7-9496-8D910830674F}.Debug|x64.ActiveCfg = Debug|x64
		{58A229F6-9FD5-4EB7-9496-8D910830674F}.Debug|x64.Build.0 = Debug|x64
		{58A229F6-9FD5-4EB7-9496-8D910830674F}.Debug|x86.ActiveCfg = Debug|Win32
		{58A229F6-9FD5-4EB7-9496-8D910830674F}.Debug|x86.Build.0 = Debug|Win32
		{58A229F6-9FD5-4EB7-9496-8D910830674F}.Release|x64.ActiveCfg = Release|x64
		{58A229F6-9FD5-4EB7-9496-8D910830674F}.Release|x64.Build.0 = Release|x64
		{58A229F6-9FD5-4EB7-9496-8D910830674F}.Release|x86.ActiveCfg = Release|Win32
		{58A229F6-9FD5-4EB7-9496-8D910830674F}.Release|x86.Build.0 = Release|Win32
		{588999BB-9B1A-4A25-9621-AE2DAB58CE11}.Debug|x64.ActiveCfg = Debug|x64
		{588999BB-9B1A-4A25-9621-AE2DAB58CE11}.Debug|x64.Build.0 = Debug|x64
		{588999BB-9B1A-4A25-9621-AE2DAB58CE11}.Debug|x86.ActiveCfg = Debug|Win32
		{588999BB-9B1A-4A25-9621-AE2DAB58CE11}.Debug|x86.Build.0 = Debug|Win32
		{588999BB-9B1A-4A25-9621-AE2DAB58CE11}.Release|x64.ActiveCfg = Release|x64
		{588999BB-9B1A-4A25-9621-AE2DAB58CE11}.Release|x64.Build.0 = Release|x64
		{588999BB-9B1A-4A25-9621-AE2DAB58CE11}.Release|x86.ActiveCfg = Release|Win32
		{588999BB-9B1A-4A25-9621-AE2DAB58CE11}.Release|x86.Build.0 = Release|Win32
		{A7F080FD-AA34-44E6-8920-04001B0751B5}.Debug|x64.ActiveCfg = Debug|x64
		{A7F080FD-AA34-44E6-8920-04001B0751B5}.Debug|x64.Build.0 = Debug|x64
		{A7F080FD-AA34-44E6-8920-04001B0751B5}.Debug|x86.ActiveCfg = Debug|Win32
		{A7F080FD-AA34-44E6-8920-04001B0751B5}.Debug|x86.Build.0 = Debug|Win32
		{A7F080FD-AA34-44E6-8920-04001B0751B5}.Release|x64.ActiveCfg = Release|x64
		{A7F080FD-AA34-44E6-8920-04001B0751B5}.Release|x64.Build.0 = Release|x64
		{A7F080FD-AA34-44E6-8920-04001B0751B5}.Release|x86.ActiveCfg = Release|Win32
		{A7F080FD-AA34-44E6-8920-04001B0751B5}.Release|x86.Build.0 = Release|Win32
		{ED2299E0-2DF6-47C9-8215-679C4794A1EB}.Debug|x64.ActiveCfg = Debug|x64
		{ED2299E0-2DF6-47C9-8215-679C4794A1EB}.Debug|x64.Build.0 = Debug|x64
		{ED2299E0-2DF6-47C9-8215-679C4794A1EB}.Debug|x86.ActiveCfg = Debug|Win32
		{ED2299E0-2DF6-47C9-8215-679C4794A1EB}.Debug|x86.Build.0 = Debug|Win32
		{ED2299E0-2DF6-47C9-8215-679C4794A1EB}.Release|x64.ActiveCfg = Release|x64
		{ED2299E0-2DF6-47C9-8215-679C4794A1EB}.Release|x64.Build.0 = Release|x64
		{ED2299E0-2DF6-47C9-8215-679C4794A1EB}.Release|x86.ActiveCfg = Release|Win32
		{ED2299E0-2DF6-47C9-8215-679C4794A1EB}.Release|x86.Build.0 = Release|Win32
	EndGlobalSection
	GlobalSection(SolutionProperties) = preSolution
		HideSolutionNode = FALSE
	EndGlobalSection
	GlobalSection(ExtensibilityGlobals) = postSolution
		SolutionGuid = {4AE1B380-7F3E-43C0-BE5C-B8FCFD4E7099}
	EndGlobalSection
EndGlobal
