
Microsoft Visual Studio Solution File, Format Version 12.00
# Visual Studio Version 17
VisualStudioVersion = 17.11.35222.181
MinimumVisualStudioVersion = 10.0.40219.1
Project("{FAE04EC0-301F-11D3-BF4B-00C04F79EFBC}") = "Task1", "Task1\Task1.csproj", "{519629E5-2750-41C0-8192-AE05AD5A4F2F}"
EndProject
Project("{FAE04EC0-301F-11D3-BF4B-00C04F79EFBC}") = "Task2", "Task2\Task2.csproj", "{86CFFF0D-7B00-4B36-8460-1DC41914E4C4}"
EndProject
Project("{FAE04EC0-301F-11D3-BF4B-00C04F79EFBC}") = "Task3", "Task3\Task3.csproj", "{DF96EE72-B525-477F-82CE-BCA8EA7683F5}"
EndProject
Global
	GlobalSection(SolutionConfigurationPlatforms) = preSolution
		Debug|Any CPU = Debug|Any CPU
		Release|Any CPU = Release|Any CPU
	EndGlobalSection
	GlobalSection(ProjectConfigurationPlatforms) = postSolution
		{519629E5-2750-41C0-8192-AE05AD5A4F2F}.Debug|Any CPU.ActiveCfg = Debug|Any CPU
		{519629E5-2750-41C0-8192-AE05AD5A4F2F}.Debug|Any CPU.Build.0 = Debug|Any CPU
		{519629E5-2750-41C0-8192-AE05AD5A4F2F}.Release|Any CPU.ActiveCfg = Release|Any CPU
		{519629E5-2750-41C0-8192-AE05AD5A4F2F}.Release|Any CPU.Build.0 = Release|Any CPU
		{86CFFF0D-7B00-4B36-8460-1DC41914E4C4}.Debug|Any CPU.ActiveCfg = Debug|Any CPU
		{86CFFF0D-7B00-4B36-8460-1DC41914E4C4}.Debug|Any CPU.Build.0 = Debug|Any CPU
		{86CFFF0D-7B00-4B36-8460-1DC41914E4C4}.Release|Any CPU.ActiveCfg = Release|Any CPU
		{86CFFF0D-7B00-4B36-8460-1DC41914E4C4}.Release|Any CPU.Build.0 = Release|Any CPU
		{DF96EE72-B525-477F-82CE-BCA8EA7683F5}.Debug|Any CPU.ActiveCfg = Debug|Any CPU
		{DF96EE72-B525-477F-82CE-BCA8EA7683F5}.Debug|Any CPU.Build.0 = Debug|Any CPU
		{DF96EE72-B525-477F-82CE-BCA8EA7683F5}.Release|Any CPU.ActiveCfg = Release|Any CPU
		{DF96EE72-B525-477F-82CE-BCA8EA7683F5}.Release|Any CPU.Build.0 = Release|Any CPU
	EndGlobalSection
	GlobalSection(SolutionProperties) = preSolution
		HideSolutionNode = FALSE
	EndGlobalSection
	GlobalSection(ExtensibilityGlobals) = postSolution
		SolutionGuid = {A81B6799-39AC-40AA-AFA7-C420413610B7}
	EndGlobalSection
EndGlobal
