
Microsoft Visual Studio Solution File, Format Version 12.00
# Visual Studio Version 17
VisualStudioVersion = 17.11.35222.181
MinimumVisualStudioVersion = 10.0.40219.1
Project("{8BC9CEB8-8B4A-11D0-8D11-00A0C91BC942}") = "Task1", "Task1\Task1.vcxproj", "{7993EB31-2B34-4836-9DA4-BEAA6E5C4259}"
EndProject
Project("{8BC9CEB8-8B4A-11D0-8D11-00A0C91BC942}") = "Task2", "Task2\Task2.vcxproj", "{2DE42D42-EEFF-4061-9F04-E868B3307FA1}"
EndProject
Project("{8BC9CEB8-8B4A-11D0-8D11-00A0C91BC942}") = "Task3", "Task3\Task3.vcxproj", "{63562945-CBDE-40D7-A746-37A3CECEA3C7}"
EndProject
Project("{8BC9CEB8-8B4A-11D0-8D11-00A0C91BC942}") = "Task4", "Task4\Task4.vcxproj", "{9CE39807-F26A-44FB-BE9A-2F75B55F4BA4}"
EndProject
Project("{8BC9CEB8-8B4A-11D0-8D11-00A0C91BC942}") = "Task5", "Task5\Task5.vcxproj", "{B541B147-16E7-4F16-93C0-6A5B0F3C7607}"
EndProject
Project("{8BC9CEB8-8B4A-11D0-8D11-00A0C91BC942}") = "Task6", "Task6\Task6.vcxproj", "{0D593B6D-8A3A-41D6-A967-18FE2337A343}"
EndProject
Project("{8BC9CEB8-8B4A-11D0-8D11-00A0C91BC942}") = "Task7", "Task7\Task7.vcxproj", "{2E9635A3-C28E-4CEF-B544-68FB99183616}"
EndProject
Project("{8BC9CEB8-8B4A-11D0-8D11-00A0C91BC942}") = "Task8", "Task8\Task8.vcxproj", "{25C87179-E66D-47C4-9881-6396F1A48844}"
EndProject
Project("{8BC9CEB8-8B4A-11D0-8D11-00A0C91BC942}") = "Task9", "Task9\Task9.vcxproj", "{4E8445A8-3FC8-4CDC-A45E-1BC5EEC98D84}"
EndProject
Project("{8BC9CEB8-8B4A-11D0-8D11-00A0C91BC942}") = "Task10", "Task10\Task10.vcxproj", "{B5A4B239-C959-41FC-9052-5038C615CC10}"
EndProject
Global
	GlobalSection(SolutionConfigurationPlatforms) = preSolution
		Debug|x64 = Debug|x64
		Debug|x86 = Debug|x86
		Release|x64 = Release|x64
		Release|x86 = Release|x86
	EndGlobalSection
	GlobalSection(ProjectConfigurationPlatforms) = postSolution
		{7993EB31-2B34-4836-9DA4-BEAA6E5C4259}.Debug|x64.ActiveCfg = Debug|x64
		{7993EB31-2B34-4836-9DA4-BEAA6E5C4259}.Debug|x64.Build.0 = Debug|x64
		{7993EB31-2B34-4836-9DA4-BEAA6E5C4259}.Debug|x86.ActiveCfg = Debug|Win32
		{7993EB31-2B34-4836-9DA4-BEAA6E5C4259}.Debug|x86.Build.0 = Debug|Win32
		{7993EB31-2B34-4836-9DA4-BEAA6E5C4259}.Release|x64.ActiveCfg = Release|x64
		{7993EB31-2B34-4836-9DA4-BEAA6E5C4259}.Release|x64.Build.0 = Release|x64
		{7993EB31-2B34-4836-9DA4-BEAA6E5C4259}.Release|x86.ActiveCfg = Release|Win32
		{7993EB31-2B34-4836-9DA4-BEAA6E5C4259}.Release|x86.Build.0 = Release|Win32
		{2DE42D42-EEFF-4061-9F04-E868B3307FA1}.Debug|x64.ActiveCfg = Debug|x64
		{2DE42D42-EEFF-4061-9F04-E868B3307FA1}.Debug|x64.Build.0 = Debug|x64
		{2DE42D42-EEFF-4061-9F04-E868B3307FA1}.Debug|x86.ActiveCfg = Debug|Win32
		{2DE42D42-EEFF-4061-9F04-E868B3307FA1}.Debug|x86.Build.0 = Debug|Win32
		{2DE42D42-EEFF-4061-9F04-E868B3307FA1}.Release|x64.ActiveCfg = Release|x64
		{2DE42D42-EEFF-4061-9F04-E868B3307FA1}.Release|x64.Build.0 = Release|x64
		{2DE42D42-EEFF-4061-9F04-E868B3307FA1}.Release|x86.ActiveCfg = Release|Win32
		{2DE42D42-EEFF-4061-9F04-E868B3307FA1}.Release|x86.Build.0 = Release|Win32
		{63562945-CBDE-40D7-A746-37A3CECEA3C7}.Debug|x64.ActiveCfg = Debug|x64
		{63562945-CBDE-40D7-A746-37A3CECEA3C7}.Debug|x64.Build.0 = Debug|x64
		{63562945-CBDE-40D7-A746-37A3CECEA3C7}.Debug|x86.ActiveCfg = Debug|Win32
		{63562945-CBDE-40D7-A746-37A3CECEA3C7}.Debug|x86.Build.0 = Debug|Win32
		{63562945-CBDE-40D7-A746-37A3CECEA3C7}.Release|x64.ActiveCfg = Release|x64
		{63562945-CBDE-40D7-A746-37A3CECEA3C7}.Release|x64.Build.0 = Release|x64
		{63562945-CBDE-40D7-A746-37A3CECEA3C7}.Release|x86.ActiveCfg = Release|Win32
		{63562945-CBDE-40D7-A746-37A3CECEA3C7}.Release|x86.Build.0 = Release|Win32
		{9CE39807-F26A-44FB-BE9A-2F75B55F4BA4}.Debug|x64.ActiveCfg = Debug|x64
		{9CE39807-F26A-44FB-BE9A-2F75B55F4BA4}.Debug|x64.Build.0 = Debug|x64
		{9CE39807-F26A-44FB-BE9A-2F75B55F4BA4}.Debug|x86.ActiveCfg = Debug|Win32
		{9CE39807-F26A-44FB-BE9A-2F75B55F4BA4}.Debug|x86.Build.0 = Debug|Win32
		{9CE39807-F26A-44FB-BE9A-2F75B55F4BA4}.Release|x64.ActiveCfg = Release|x64
		{9CE39807-F26A-44FB-BE9A-2F75B55F4BA4}.Release|x64.Build.0 = Release|x64
		{9CE39807-F26A-44FB-BE9A-2F75B55F4BA4}.Release|x86.ActiveCfg = Release|Win32
		{9CE39807-F26A-44FB-BE9A-2F75B55F4BA4}.Release|x86.Build.0 = Release|Win32
		{B541B147-16E7-4F16-93C0-6A5B0F3C7607}.Debug|x64.ActiveCfg = Debug|x64
		{B541B147-16E7-4F16-93C0-6A5B0F3C7607}.Debug|x64.Build.0 = Debug|x64
		{B541B147-16E7-4F16-93C0-6A5B0F3C7607}.Debug|x86.ActiveCfg = Debug|Win32
		{B541B147-16E7-4F16-93C0-6A5B0F3C7607}.Debug|x86.Build.0 = Debug|Win32
		{B541B147-16E7-4F16-93C0-6A5B0F3C7607}.Release|x64.ActiveCfg = Release|x64
		{B541B147-16E7-4F16-93C0-6A5B0F3C7607}.Release|x64.Build.0 = Release|x64
		{B541B147-16E7-4F16-93C0-6A5B0F3C7607}.Release|x86.ActiveCfg = Release|Win32
		{B541B147-16E7-4F16-93C0-6A5B0F3C7607}.Release|x86.Build.0 = Release|Win32
		{0D593B6D-8A3A-41D6-A967-18FE2337A343}.Debug|x64.ActiveCfg = Debug|x64
		{0D593B6D-8A3A-41D6-A967-18FE2337A343}.Debug|x64.Build.0 = Debug|x64
		{0D593B6D-8A3A-41D6-A967-18FE2337A343}.Debug|x86.ActiveCfg = Debug|Win32
		{0D593B6D-8A3A-41D6-A967-18FE2337A343}.Debug|x86.Build.0 = Debug|Win32
		{0D593B6D-8A3A-41D6-A967-18FE2337A343}.Release|x64.ActiveCfg = Release|x64
		{0D593B6D-8A3A-41D6-A967-18FE2337A343}.Release|x64.Build.0 = Release|x64
		{0D593B6D-8A3A-41D6-A967-18FE2337A343}.Release|x86.ActiveCfg = Release|Win32
		{0D593B6D-8A3A-41D6-A967-18FE2337A343}.Release|x86.Build.0 = Release|Win32
		{2E9635A3-C28E-4CEF-B544-68FB99183616}.Debug|x64.ActiveCfg = Debug|x64
		{2E9635A3-C28E-4CEF-B544-68FB99183616}.Debug|x64.Build.0 = Debug|x64
		{2E9635A3-C28E-4CEF-B544-68FB99183616}.Debug|x86.ActiveCfg = Debug|Win32
		{2E9635A3-C28E-4CEF-B544-68FB99183616}.Debug|x86.Build.0 = Debug|Win32
		{2E9635A3-C28E-4CEF-B544-68FB99183616}.Release|x64.ActiveCfg = Release|x64
		{2E9635A3-C28E-4CEF-B544-68FB99183616}.Release|x64.Build.0 = Release|x64
		{2E9635A3-C28E-4CEF-B544-68FB99183616}.Release|x86.ActiveCfg = Release|Win32
		{2E9635A3-C28E-4CEF-B544-68FB99183616}.Release|x86.Build.0 = Release|Win32
		{25C87179-E66D-47C4-9881-6396F1A48844}.Debug|x64.ActiveCfg = Debug|x64
		{25C87179-E66D-47C4-9881-6396F1A48844}.Debug|x64.Build.0 = Debug|x64
		{25C87179-E66D-47C4-9881-6396F1A48844}.Debug|x86.ActiveCfg = Debug|Win32
		{25C87179-E66D-47C4-9881-6396F1A48844}.Debug|x86.Build.0 = Debug|Win32
		{25C87179-E66D-47C4-9881-6396F1A48844}.Release|x64.ActiveCfg = Release|x64
		{25C87179-E66D-47C4-9881-6396F1A48844}.Release|x64.Build.0 = Release|x64
		{25C87179-E66D-47C4-9881-6396F1A48844}.Release|x86.ActiveCfg = Release|Win32
		{25C87179-E66D-47C4-9881-6396F1A48844}.Release|x86.Build.0 = Release|Win32
		{4E8445A8-3FC8-4CDC-A45E-1BC5EEC98D84}.Debug|x64.ActiveCfg = Debug|x64
		{4E8445A8-3FC8-4CDC-A45E-1BC5EEC98D84}.Debug|x64.Build.0 = Debug|x64
		{4E8445A8-3FC8-4CDC-A45E-1BC5EEC98D84}.Debug|x86.ActiveCfg = Debug|Win32
		{4E8445A8-3FC8-4CDC-A45E-1BC5EEC98D84}.Debug|x86.Build.0 = Debug|Win32
		{4E8445A8-3FC8-4CDC-A45E-1BC5EEC98D84}.Release|x64.ActiveCfg = Release|x64
		{4E8445A8-3FC8-4CDC-A45E-1BC5EEC98D84}.Release|x64.Build.0 = Release|x64
		{4E8445A8-3FC8-4CDC-A45E-1BC5EEC98D84}.Release|x86.ActiveCfg = Release|Win32
		{4E8445A8-3FC8-4CDC-A45E-1BC5EEC98D84}.Release|x86.Build.0 = Release|Win32
		{B5A4B239-C959-41FC-9052-5038C615CC10}.Debug|x64.ActiveCfg = Debug|x64
		{B5A4B239-C959-41FC-9052-5038C615CC10}.Debug|x64.Build.0 = Debug|x64
		{B5A4B239-C959-41FC-9052-5038C615CC10}.Debug|x86.ActiveCfg = Debug|Win32
		{B5A4B239-C959-41FC-9052-5038C615CC10}.Debug|x86.Build.0 = Debug|Win32
		{B5A4B239-C959-41FC-9052-5038C615CC10}.Release|x64.ActiveCfg = Release|x64
		{B5A4B239-C959-41FC-9052-5038C615CC10}.Release|x64.Build.0 = Release|x64
		{B5A4B239-C959-41FC-9052-5038C615CC10}.Release|x86.ActiveCfg = Release|Win32
		{B5A4B239-C959-41FC-9052-5038C615CC10}.Release|x86.Build.0 = Release|Win32
	EndGlobalSection
	GlobalSection(SolutionProperties) = preSolution
		HideSolutionNode = FALSE
	EndGlobalSection
	GlobalSection(ExtensibilityGlobals) = postSolution
		SolutionGuid = {0803B3E2-161E-4BE9-9596-61BDB9981C17}
	EndGlobalSection
EndGlobal
