
Microsoft Visual Studio Solution File, Format Version 12.00
# Visual Studio Version 17
VisualStudioVersion = 17.11.35222.181
MinimumVisualStudioVersion = 10.0.40219.1
Project("{8BC9CEB8-8B4A-11D0-8D11-00A0C91BC942}") = "List", "List\List.vcxproj", "{AFFF2313-D7B5-4E93-A38D-9AB84207F863}"
EndProject
Project("{8BC9CEB8-8B4A-11D0-8D11-00A0C91BC942}") = "Stack", "Stack\Stack.vcxproj", "{43933FAC-096D-4F4F-B0EC-661A27F27C46}"
EndProject
Project("{8BC9CEB8-8B4A-11D0-8D11-00A0C91BC942}") = "Queue", "Queue\Queue.vcxproj", "{F3B30F21-F04C-465C-9341-99B5209565E3}"
EndProject
Project("{8BC9CEB8-8B4A-11D0-8D11-00A0C91BC942}") = "Deque", "Deque\Deque.vcxproj", "{DD5CB867-D05D-4B19-BD62-5CB3E5AF08A5}"
EndProject
Project("{8BC9CEB8-8B4A-11D0-8D11-00A0C91BC942}") = "Combination", "Combination\Combination.vcxproj", "{3F52BCBA-6AA1-4C92-870B-C1AFF897D314}"
EndProject
Global
	GlobalSection(SolutionConfigurationPlatforms) = preSolution
		Debug|x64 = Debug|x64
		Debug|x86 = Debug|x86
		Release|x64 = Release|x64
		Release|x86 = Release|x86
	EndGlobalSection
	GlobalSection(ProjectConfigurationPlatforms) = postSolution
		{AFFF2313-D7B5-4E93-A38D-9AB84207F863}.Debug|x64.ActiveCfg = Debug|x64
		{AFFF2313-D7B5-4E93-A38D-9AB84207F863}.Debug|x64.Build.0 = Debug|x64
		{AFFF2313-D7B5-4E93-A38D-9AB84207F863}.Debug|x86.ActiveCfg = Debug|Win32
		{AFFF2313-D7B5-4E93-A38D-9AB84207F863}.Debug|x86.Build.0 = Debug|Win32
		{AFFF2313-D7B5-4E93-A38D-9AB84207F863}.Release|x64.ActiveCfg = Release|x64
		{AFFF2313-D7B5-4E93-A38D-9AB84207F863}.Release|x64.Build.0 = Release|x64
		{AFFF2313-D7B5-4E93-A38D-9AB84207F863}.Release|x86.ActiveCfg = Release|Win32
		{AFFF2313-D7B5-4E93-A38D-9AB84207F863}.Release|x86.Build.0 = Release|Win32
		{43933FAC-096D-4F4F-B0EC-661A27F27C46}.Debug|x64.ActiveCfg = Debug|x64
		{43933FAC-096D-4F4F-B0EC-661A27F27C46}.Debug|x64.Build.0 = Debug|x64
		{43933FAC-096D-4F4F-B0EC-661A27F27C46}.Debug|x86.ActiveCfg = Debug|Win32
		{43933FAC-096D-4F4F-B0EC-661A27F27C46}.Debug|x86.Build.0 = Debug|Win32
		{43933FAC-096D-4F4F-B0EC-661A27F27C46}.Release|x64.ActiveCfg = Release|x64
		{43933FAC-096D-4F4F-B0EC-661A27F27C46}.Release|x64.Build.0 = Release|x64
		{43933FAC-096D-4F4F-B0EC-661A27F27C46}.Release|x86.ActiveCfg = Release|Win32
		{43933FAC-096D-4F4F-B0EC-661A27F27C46}.Release|x86.Build.0 = Release|Win32
		{F3B30F21-F04C-465C-9341-99B5209565E3}.Debug|x64.ActiveCfg = Debug|x64
		{F3B30F21-F04C-465C-9341-99B5209565E3}.Debug|x64.Build.0 = Debug|x64
		{F3B30F21-F04C-465C-9341-99B5209565E3}.Debug|x86.ActiveCfg = Debug|Win32
		{F3B30F21-F04C-465C-9341-99B5209565E3}.Debug|x86.Build.0 = Debug|Win32
		{F3B30F21-F04C-465C-9341-99B5209565E3}.Release|x64.ActiveCfg = Release|x64
		{F3B30F21-F04C-465C-9341-99B5209565E3}.Release|x64.Build.0 = Release|x64
		{F3B30F21-F04C-465C-9341-99B5209565E3}.Release|x86.ActiveCfg = Release|Win32
		{F3B30F21-F04C-465C-9341-99B5209565E3}.Release|x86.Build.0 = Release|Win32
		{DD5CB867-D05D-4B19-BD62-5CB3E5AF08A5}.Debug|x64.ActiveCfg = Debug|x64
		{DD5CB867-D05D-4B19-BD62-5CB3E5AF08A5}.Debug|x64.Build.0 = Debug|x64
		{DD5CB867-D05D-4B19-BD62-5CB3E5AF08A5}.Debug|x86.ActiveCfg = Debug|Win32
		{DD5CB867-D05D-4B19-BD62-5CB3E5AF08A5}.Debug|x86.Build.0 = Debug|Win32
		{DD5CB867-D05D-4B19-BD62-5CB3E5AF08A5}.Release|x64.ActiveCfg = Release|x64
		{DD5CB867-D05D-4B19-BD62-5CB3E5AF08A5}.Release|x64.Build.0 = Release|x64
		{DD5CB867-D05D-4B19-BD62-5CB3E5AF08A5}.Release|x86.ActiveCfg = Release|Win32
		{DD5CB867-D05D-4B19-BD62-5CB3E5AF08A5}.Release|x86.Build.0 = Release|Win32
		{3F52BCBA-6AA1-4C92-870B-C1AFF897D314}.Debug|x64.ActiveCfg = Debug|x64
		{3F52BCBA-6AA1-4C92-870B-C1AFF897D314}.Debug|x64.Build.0 = Debug|x64
		{3F52BCBA-6AA1-4C92-870B-C1AFF897D314}.Debug|x86.ActiveCfg = Debug|Win32
		{3F52BCBA-6AA1-4C92-870B-C1AFF897D314}.Debug|x86.Build.0 = Debug|Win32
		{3F52BCBA-6AA1-4C92-870B-C1AFF897D314}.Release|x64.ActiveCfg = Release|x64
		{3F52BCBA-6AA1-4C92-870B-C1AFF897D314}.Release|x64.Build.0 = Release|x64
		{3F52BCBA-6AA1-4C92-870B-C1AFF897D314}.Release|x86.ActiveCfg = Release|Win32
		{3F52BCBA-6AA1-4C92-870B-C1AFF897D314}.Release|x86.Build.0 = Release|Win32
	EndGlobalSection
	GlobalSection(SolutionProperties) = preSolution
		HideSolutionNode = FALSE
	EndGlobalSection
	GlobalSection(ExtensibilityGlobals) = postSolution
		SolutionGuid = {DB503530-7B0E-4371-B85F-6C88C1144CEC}
	EndGlobalSection
EndGlobal
