
Microsoft Visual Studio Solution File, Format Version 12.00
# Visual Studio Version 17
VisualStudioVersion = 17.11.35222.181
MinimumVisualStudioVersion = 10.0.40219.1
Project("{FAE04EC0-301F-11D3-BF4B-00C04F79EFBC}") = "Task1", "Task1\Task1.csproj", "{BB35B129-DB85-4FBF-B8C8-A036EE4D5865}"
EndProject
Project("{FAE04EC0-301F-11D3-BF4B-00C04F79EFBC}") = "Task2", "Task2\Task2.csproj", "{96CC6BBE-A4E7-44C1-ACD0-D05ABDE9AF41}"
EndProject
Project("{FAE04EC0-301F-11D3-BF4B-00C04F79EFBC}") = "Task3", "Task3\Task3.csproj", "{B61B22F1-466D-4E42-B9AB-90720E333E9B}"
EndProject
Global
	GlobalSection(SolutionConfigurationPlatforms) = preSolution
		Debug|Any CPU = Debug|Any CPU
		Release|Any CPU = Release|Any CPU
	EndGlobalSection
	GlobalSection(ProjectConfigurationPlatforms) = postSolution
		{BB35B129-DB85-4FBF-B8C8-A036EE4D5865}.Debug|Any CPU.ActiveCfg = Debug|Any CPU
		{BB35B129-DB85-4FBF-B8C8-A036EE4D5865}.Debug|Any CPU.Build.0 = Debug|Any CPU
		{BB35B129-DB85-4FBF-B8C8-A036EE4D5865}.Release|Any CPU.ActiveCfg = Release|Any CPU
		{BB35B129-DB85-4FBF-B8C8-A036EE4D5865}.Release|Any CPU.Build.0 = Release|Any CPU
		{96CC6BBE-A4E7-44C1-ACD0-D05ABDE9AF41}.Debug|Any CPU.ActiveCfg = Debug|Any CPU
		{96CC6BBE-A4E7-44C1-ACD0-D05ABDE9AF41}.Debug|Any CPU.Build.0 = Debug|Any CPU
		{96CC6BBE-A4E7-44C1-ACD0-D05ABDE9AF41}.Release|Any CPU.ActiveCfg = Release|Any CPU
		{96CC6BBE-A4E7-44C1-ACD0-D05ABDE9AF41}.Release|Any CPU.Build.0 = Release|Any CPU
		{B61B22F1-466D-4E42-B9AB-90720E333E9B}.Debug|Any CPU.ActiveCfg = Debug|Any CPU
		{B61B22F1-466D-4E42-B9AB-90720E333E9B}.Debug|Any CPU.Build.0 = Debug|Any CPU
		{B61B22F1-466D-4E42-B9AB-90720E333E9B}.Release|Any CPU.ActiveCfg = Release|Any CPU
		{B61B22F1-466D-4E42-B9AB-90720E333E9B}.Release|Any CPU.Build.0 = Release|Any CPU
	EndGlobalSection
	GlobalSection(SolutionProperties) = preSolution
		HideSolutionNode = FALSE
	EndGlobalSection
	GlobalSection(ExtensibilityGlobals) = postSolution
		SolutionGuid = {4EBBE617-FB09-4C39-9412-3D47414F1A83}
	EndGlobalSection
EndGlobal
