
Microsoft Visual Studio Solution File, Format Version 12.00
# Visual Studio Version 17
VisualStudioVersion = 17.11.35222.181
MinimumVisualStudioVersion = 10.0.40219.1
Project("{8BC9CEB8-8B4A-11D0-8D11-00A0C91BC942}") = "Task1.2", "Task1.2\Task1.2.vcxproj", "{6B9D502C-8909-4093-9625-42BCA70C6D78}"
EndProject
Project("{8BC9CEB8-8B4A-11D0-8D11-00A0C91BC942}") = "Task1.1", "Task1.1\Task1.1.vcxproj", "{FFF89726-0FCA-4172-9923-2E73AE2EACEF}"
EndProject
Project("{8BC9CEB8-8B4A-11D0-8D11-00A0C91BC942}") = "Task1.3", "Task1.3\Task1.3.vcxproj", "{7D736F12-DDD8-40A5-84FA-FCC855AE1967}"
EndProject
Project("{8BC9CEB8-8B4A-11D0-8D11-00A0C91BC942}") = "Task1.4", "Task1.4\Task1.4.vcxproj", "{20779FE1-4481-496F-8F37-5D25A2CBAEF1}"
EndProject
Project("{8BC9CEB8-8B4A-11D0-8D11-00A0C91BC942}") = "Task1.5", "Task1.5\Task1.5.vcxproj", "{905D76B6-8EB9-40A6-BDFE-DAA13147D114}"
EndProject
Project("{8BC9CEB8-8B4A-11D0-8D11-00A0C91BC942}") = "Task2.1", "Task2.1\Task2.1.vcxproj", "{FF48302E-31E2-4B5D-B625-A16FF033E790}"
EndProject
Project("{8BC9CEB8-8B4A-11D0-8D11-00A0C91BC942}") = "Task2.2", "Task2.2\Task2.2.vcxproj", "{1546F367-DEE0-4CF3-9F5F-C8D5C6097D54}"
EndProject
Project("{8BC9CEB8-8B4A-11D0-8D11-00A0C91BC942}") = "Task2.3", "Task2.3\Task2.3.vcxproj", "{271FC358-CA9E-45D6-BE15-2E5BD8D090B6}"
EndProject
Project("{8BC9CEB8-8B4A-11D0-8D11-00A0C91BC942}") = "Task2.4", "Task2.4\Task2.4.vcxproj", "{F7EAAD1F-57C1-425B-8FF6-E2E9C7ED064B}"
EndProject
Project("{8BC9CEB8-8B4A-11D0-8D11-00A0C91BC942}") = "Task2.5", "Task2.5\Task2.5.vcxproj", "{410A7857-0ACA-42A1-AF68-C4A6D5ABA959}"
EndProject
Project("{8BC9CEB8-8B4A-11D0-8D11-00A0C91BC942}") = "Task2.6", "Task2.6\Task2.6.vcxproj", "{67FBC26B-EFA9-4F4E-A6CF-87D38978439C}"
EndProject
Project("{8BC9CEB8-8B4A-11D0-8D11-00A0C91BC942}") = "Task2.7", "Task2.7\Task2.7.vcxproj", "{2AA1BF94-649E-4670-AA2F-4620FA852851}"
EndProject
Global
	GlobalSection(SolutionConfigurationPlatforms) = preSolution
		Debug|x64 = Debug|x64
		Debug|x86 = Debug|x86
		Release|x64 = Release|x64
		Release|x86 = Release|x86
	EndGlobalSection
	GlobalSection(ProjectConfigurationPlatforms) = postSolution
		{6B9D502C-8909-4093-9625-42BCA70C6D78}.Debug|x64.ActiveCfg = Debug|x64
		{6B9D502C-8909-4093-9625-42BCA70C6D78}.Debug|x64.Build.0 = Debug|x64
		{6B9D502C-8909-4093-9625-42BCA70C6D78}.Debug|x86.ActiveCfg = Debug|Win32
		{6B9D502C-8909-4093-9625-42BCA70C6D78}.Debug|x86.Build.0 = Debug|Win32
		{6B9D502C-8909-4093-9625-42BCA70C6D78}.Release|x64.ActiveCfg = Release|x64
		{6B9D502C-8909-4093-9625-42BCA70C6D78}.Release|x64.Build.0 = Release|x64
		{6B9D502C-8909-4093-9625-42BCA70C6D78}.Release|x86.ActiveCfg = Release|Win32
		{6B9D502C-8909-4093-9625-42BCA70C6D78}.Release|x86.Build.0 = Release|Win32
		{FFF89726-0FCA-4172-9923-2E73AE2EACEF}.Debug|x64.ActiveCfg = Debug|x64
		{FFF89726-0FCA-4172-9923-2E73AE2EACEF}.Debug|x64.Build.0 = Debug|x64
		{FFF89726-0FCA-4172-9923-2E73AE2EACEF}.Debug|x86.ActiveCfg = Debug|Win32
		{FFF89726-0FCA-4172-9923-2E73AE2EACEF}.Debug|x86.Build.0 = Debug|Win32
		{FFF89726-0FCA-4172-9923-2E73AE2EACEF}.Release|x64.ActiveCfg = Release|x64
		{FFF89726-0FCA-4172-9923-2E73AE2EACEF}.Release|x64.Build.0 = Release|x64
		{FFF89726-0FCA-4172-9923-2E73AE2EACEF}.Release|x86.ActiveCfg = Release|Win32
		{FFF89726-0FCA-4172-9923-2E73AE2EACEF}.Release|x86.Build.0 = Release|Win32
		{7D736F12-DDD8-40A5-84FA-FCC855AE1967}.Debug|x64.ActiveCfg = Debug|x64
		{7D736F12-DDD8-40A5-84FA-FCC855AE1967}.Debug|x64.Build.0 = Debug|x64
		{7D736F12-DDD8-40A5-84FA-FCC855AE1967}.Debug|x86.ActiveCfg = Debug|Win32
		{7D736F12-DDD8-40A5-84FA-FCC855AE1967}.Debug|x86.Build.0 = Debug|Win32
		{7D736F12-DDD8-40A5-84FA-FCC855AE1967}.Release|x64.ActiveCfg = Release|x64
		{7D736F12-DDD8-40A5-84FA-FCC855AE1967}.Release|x64.Build.0 = Release|x64
		{7D736F12-DDD8-40A5-84FA-FCC855AE1967}.Release|x86.ActiveCfg = Release|Win32
		{7D736F12-DDD8-40A5-84FA-FCC855AE1967}.Release|x86.Build.0 = Release|Win32
		{20779FE1-4481-496F-8F37-5D25A2CBAEF1}.Debug|x64.ActiveCfg = Debug|x64
		{20779FE1-4481-496F-8F37-5D25A2CBAEF1}.Debug|x64.Build.0 = Debug|x64
		{20779FE1-4481-496F-8F37-5D25A2CBAEF1}.Debug|x86.ActiveCfg = Debug|Win32
		{20779FE1-4481-496F-8F37-5D25A2CBAEF1}.Debug|x86.Build.0 = Debug|Win32
		{20779FE1-4481-496F-8F37-5D25A2CBAEF1}.Release|x64.ActiveCfg = Release|x64
		{20779FE1-4481-496F-8F37-5D25A2CBAEF1}.Release|x64.Build.0 = Release|x64
		{20779FE1-4481-496F-8F37-5D25A2CBAEF1}.Release|x86.ActiveCfg = Release|Win32
		{20779FE1-4481-496F-8F37-5D25A2CBAEF1}.Release|x86.Build.0 = Release|Win32
		{905D76B6-8EB9-40A6-BDFE-DAA13147D114}.Debug|x64.ActiveCfg = Debug|x64
		{905D76B6-8EB9-40A6-BDFE-DAA13147D114}.Debug|x64.Build.0 = Debug|x64
		{905D76B6-8EB9-40A6-BDFE-DAA13147D114}.Debug|x86.ActiveCfg = Debug|Win32
		{905D76B6-8EB9-40A6-BDFE-DAA13147D114}.Debug|x86.Build.0 = Debug|Win32
		{905D76B6-8EB9-40A6-BDFE-DAA13147D114}.Release|x64.ActiveCfg = Release|x64
		{905D76B6-8EB9-40A6-BDFE-DAA13147D114}.Release|x64.Build.0 = Release|x64
		{905D76B6-8EB9-40A6-BDFE-DAA13147D114}.Release|x86.ActiveCfg = Release|Win32
		{905D76B6-8EB9-40A6-BDFE-DAA13147D114}.Release|x86.Build.0 = Release|Win32
		{FF48302E-31E2-4B5D-B625-A16FF033E790}.Debug|x64.ActiveCfg = Debug|x64
		{FF48302E-31E2-4B5D-B625-A16FF033E790}.Debug|x64.Build.0 = Debug|x64
		{FF48302E-31E2-4B5D-B625-A16FF033E790}.Debug|x86.ActiveCfg = Debug|Win32
		{FF48302E-31E2-4B5D-B625-A16FF033E790}.Debug|x86.Build.0 = Debug|Win32
		{FF48302E-31E2-4B5D-B625-A16FF033E790}.Release|x64.ActiveCfg = Release|x64
		{FF48302E-31E2-4B5D-B625-A16FF033E790}.Release|x64.Build.0 = Release|x64
		{FF48302E-31E2-4B5D-B625-A16FF033E790}.Release|x86.ActiveCfg = Release|Win32
		{FF48302E-31E2-4B5D-B625-A16FF033E790}.Release|x86.Build.0 = Release|Win32
		{1546F367-DEE0-4CF3-9F5F-C8D5C6097D54}.Debug|x64.ActiveCfg = Debug|x64
		{1546F367-DEE0-4CF3-9F5F-C8D5C6097D54}.Debug|x64.Build.0 = Debug|x64
		{1546F367-DEE0-4CF3-9F5F-C8D5C6097D54}.Debug|x86.ActiveCfg = Debug|Win32
		{1546F367-DEE0-4CF3-9F5F-C8D5C6097D54}.Debug|x86.Build.0 = Debug|Win32
		{1546F367-DEE0-4CF3-9F5F-C8D5C6097D54}.Release|x64.ActiveCfg = Release|x64
		{1546F367-DEE0-4CF3-9F5F-C8D5C6097D54}.Release|x64.Build.0 = Release|x64
		{1546F367-DEE0-4CF3-9F5F-C8D5C6097D54}.Release|x86.ActiveCfg = Release|Win32
		{1546F367-DEE0-4CF3-9F5F-C8D5C6097D54}.Release|x86.Build.0 = Release|Win32
		{271FC358-CA9E-45D6-BE15-2E5BD8D090B6}.Debug|x64.ActiveCfg = Debug|x64
		{271FC358-CA9E-45D6-BE15-2E5BD8D090B6}.Debug|x64.Build.0 = Debug|x64
		{271FC358-CA9E-45D6-BE15-2E5BD8D090B6}.Debug|x86.ActiveCfg = Debug|Win32
		{271FC358-CA9E-45D6-BE15-2E5BD8D090B6}.Debug|x86.Build.0 = Debug|Win32
		{271FC358-CA9E-45D6-BE15-2E5BD8D090B6}.Release|x64.ActiveCfg = Release|x64
		{271FC358-CA9E-45D6-BE15-2E5BD8D090B6}.Release|x64.Build.0 = Release|x64
		{271FC358-CA9E-45D6-BE15-2E5BD8D090B6}.Release|x86.ActiveCfg = Release|Win32
		{271FC358-CA9E-45D6-BE15-2E5BD8D090B6}.Release|x86.Build.0 = Release|Win32
		{F7EAAD1F-57C1-425B-8FF6-E2E9C7ED064B}.Debug|x64.ActiveCfg = Debug|x64
		{F7EAAD1F-57C1-425B-8FF6-E2E9C7ED064B}.Debug|x64.Build.0 = Debug|x64
		{F7EAAD1F-57C1-425B-8FF6-E2E9C7ED064B}.Debug|x86.ActiveCfg = Debug|Win32
		{F7EAAD1F-57C1-425B-8FF6-E2E9C7ED064B}.Debug|x86.Build.0 = Debug|Win32
		{F7EAAD1F-57C1-425B-8FF6-E2E9C7ED064B}.Release|x64.ActiveCfg = Release|x64
		{F7EAAD1F-57C1-425B-8FF6-E2E9C7ED064B}.Release|x64.Build.0 = Release|x64
		{F7EAAD1F-57C1-425B-8FF6-E2E9C7ED064B}.Release|x86.ActiveCfg = Release|Win32
		{F7EAAD1F-57C1-425B-8FF6-E2E9C7ED064B}.Release|x86.Build.0 = Release|Win32
		{410A7857-0ACA-42A1-AF68-C4A6D5ABA959}.Debug|x64.ActiveCfg = Debug|x64
		{410A7857-0ACA-42A1-AF68-C4A6D5ABA959}.Debug|x64.Build.0 = Debug|x64
		{410A7857-0ACA-42A1-AF68-C4A6D5ABA959}.Debug|x86.ActiveCfg = Debug|Win32
		{410A7857-0ACA-42A1-AF68-C4A6D5ABA959}.Debug|x86.Build.0 = Debug|Win32
		{410A7857-0ACA-42A1-AF68-C4A6D5ABA959}.Release|x64.ActiveCfg = Release|x64
		{410A7857-0ACA-42A1-AF68-C4A6D5ABA959}.Release|x64.Build.0 = Release|x64
		{410A7857-0ACA-42A1-AF68-C4A6D5ABA959}.Release|x86.ActiveCfg = Release|Win32
		{410A7857-0ACA-42A1-AF68-C4A6D5ABA959}.Release|x86.Build.0 = Release|Win32
		{67FBC26B-EFA9-4F4E-A6CF-87D38978439C}.Debug|x64.ActiveCfg = Debug|x64
		{67FBC26B-EFA9-4F4E-A6CF-87D38978439C}.Debug|x64.Build.0 = Debug|x64
		{67FBC26B-EFA9-4F4E-A6CF-87D38978439C}.Debug|x86.ActiveCfg = Debug|Win32
		{67FBC26B-EFA9-4F4E-A6CF-87D38978439C}.Debug|x86.Build.0 = Debug|Win32
		{67FBC26B-EFA9-4F4E-A6CF-87D38978439C}.Release|x64.ActiveCfg = Release|x64
		{67FBC26B-EFA9-4F4E-A6CF-87D38978439C}.Release|x64.Build.0 = Release|x64
		{67FBC26B-EFA9-4F4E-A6CF-87D38978439C}.Release|x86.ActiveCfg = Release|Win32
		{67FBC26B-EFA9-4F4E-A6CF-87D38978439C}.Release|x86.Build.0 = Release|Win32
		{2AA1BF94-649E-4670-AA2F-4620FA852851}.Debug|x64.ActiveCfg = Debug|x64
		{2AA1BF94-649E-4670-AA2F-4620FA852851}.Debug|x64.Build.0 = Debug|x64
		{2AA1BF94-649E-4670-AA2F-4620FA852851}.Debug|x86.ActiveCfg = Debug|Win32
		{2AA1BF94-649E-4670-AA2F-4620FA852851}.Debug|x86.Build.0 = Debug|Win32
		{2AA1BF94-649E-4670-AA2F-4620FA852851}.Release|x64.ActiveCfg = Release|x64
		{2AA1BF94-649E-4670-AA2F-4620FA852851}.Release|x64.Build.0 = Release|x64
		{2AA1BF94-649E-4670-AA2F-4620FA852851}.Release|x86.ActiveCfg = Release|Win32
		{2AA1BF94-649E-4670-AA2F-4620FA852851}.Release|x86.Build.0 = Release|Win32
	EndGlobalSection
	GlobalSection(SolutionProperties) = preSolution
		HideSolutionNode = FALSE
	EndGlobalSection
	GlobalSection(ExtensibilityGlobals) = postSolution
		SolutionGuid = {9FB0BD20-100C-4798-9153-D601F0FEF12C}
	EndGlobalSection
EndGlobal
