
Microsoft Visual Studio Solution File, Format Version 12.00
# Visual Studio Version 17
VisualStudioVersion = 17.11.35222.181
MinimumVisualStudioVersion = 10.0.40219.1
Project("{8BC9CEB8-8B4A-11D0-8D11-00A0C91BC942}") = "Task1", "Task1\Task1.vcxproj", "{57438D7A-526C-4720-A9C5-4008A391B602}"
EndProject
Project("{8BC9CEB8-8B4A-11D0-8D11-00A0C91BC942}") = "Task2", "Task2\Task2.vcxproj", "{0C17A98B-49DC-42C3-B4D5-3DCC31EF99DD}"
EndProject
Global
	GlobalSection(SolutionConfigurationPlatforms) = preSolution
		Debug|x64 = Debug|x64
		Debug|x86 = Debug|x86
		Release|x64 = Release|x64
		Release|x86 = Release|x86
	EndGlobalSection
	GlobalSection(ProjectConfigurationPlatforms) = postSolution
		{57438D7A-526C-4720-A9C5-4008A391B602}.Debug|x64.ActiveCfg = Debug|x64
		{57438D7A-526C-4720-A9C5-4008A391B602}.Debug|x64.Build.0 = Debug|x64
		{57438D7A-526C-4720-A9C5-4008A391B602}.Debug|x86.ActiveCfg = Debug|Win32
		{57438D7A-526C-4720-A9C5-4008A391B602}.Debug|x86.Build.0 = Debug|Win32
		{57438D7A-526C-4720-A9C5-4008A391B602}.Release|x64.ActiveCfg = Release|x64
		{57438D7A-526C-4720-A9C5-4008A391B602}.Release|x64.Build.0 = Release|x64
		{57438D7A-526C-4720-A9C5-4008A391B602}.Release|x86.ActiveCfg = Release|Win32
		{57438D7A-526C-4720-A9C5-4008A391B602}.Release|x86.Build.0 = Release|Win32
		{0C17A98B-49DC-42C3-B4D5-3DCC31EF99DD}.Debug|x64.ActiveCfg = Debug|x64
		{0C17A98B-49DC-42C3-B4D5-3DCC31EF99DD}.Debug|x64.Build.0 = Debug|x64
		{0C17A98B-49DC-42C3-B4D5-3DCC31EF99DD}.Debug|x86.ActiveCfg = Debug|Win32
		{0C17A98B-49DC-42C3-B4D5-3DCC31EF99DD}.Debug|x86.Build.0 = Debug|Win32
		{0C17A98B-49DC-42C3-B4D5-3DCC31EF99DD}.Release|x64.ActiveCfg = Release|x64
		{0C17A98B-49DC-42C3-B4D5-3DCC31EF99DD}.Release|x64.Build.0 = Release|x64
		{0C17A98B-49DC-42C3-B4D5-3DCC31EF99DD}.Release|x86.ActiveCfg = Release|Win32
		{0C17A98B-49DC-42C3-B4D5-3DCC31EF99DD}.Release|x86.Build.0 = Release|Win32
	EndGlobalSection
	GlobalSection(SolutionProperties) = preSolution
		HideSolutionNode = FALSE
	EndGlobalSection
	GlobalSection(ExtensibilityGlobals) = postSolution
		SolutionGuid = {77DDAA70-2EC6-4154-9D5B-CAE518772596}
	EndGlobalSection
EndGlobal
