
Microsoft Visual Studio Solution File, Format Version 12.00
# Visual Studio Version 17
VisualStudioVersion = 17.11.35222.181
MinimumVisualStudioVersion = 10.0.40219.1
Project("{8BC9CEB8-8B4A-11D0-8D11-00A0C91BC942}") = "Task1", "Task1\Task1.vcxproj", "{DC775881-4916-4611-8CB4-E15F9528F48A}"
EndProject
Global
	GlobalSection(SolutionConfigurationPlatforms) = preSolution
		Debug|x64 = Debug|x64
		Debug|x86 = Debug|x86
		Release|x64 = Release|x64
		Release|x86 = Release|x86
	EndGlobalSection
	GlobalSection(ProjectConfigurationPlatforms) = postSolution
		{DC775881-4916-4611-8CB4-E15F9528F48A}.Debug|x64.ActiveCfg = Debug|x64
		{DC775881-4916-4611-8CB4-E15F9528F48A}.Debug|x64.Build.0 = Debug|x64
		{DC775881-4916-4611-8CB4-E15F9528F48A}.Debug|x86.ActiveCfg = Debug|Win32
		{DC775881-4916-4611-8CB4-E15F9528F48A}.Debug|x86.Build.0 = Debug|Win32
		{DC775881-4916-4611-8CB4-E15F9528F48A}.Release|x64.ActiveCfg = Release|x64
		{DC775881-4916-4611-8CB4-E15F9528F48A}.Release|x64.Build.0 = Release|x64
		{DC775881-4916-4611-8CB4-E15F9528F48A}.Release|x86.ActiveCfg = Release|Win32
		{DC775881-4916-4611-8CB4-E15F9528F48A}.Release|x86.Build.0 = Release|Win32
	EndGlobalSection
	GlobalSection(SolutionProperties) = preSolution
		HideSolutionNode = FALSE
	EndGlobalSection
	GlobalSection(ExtensibilityGlobals) = postSolution
		SolutionGuid = {5AB5ADE3-677F-4E30-AF3D-B23736ACC0EA}
	EndGlobalSection
EndGlobal
